{
  "name": "tree-sitter-rnoweb",
  "version": "0.1.0",
  "lockfileVersion": 2,
  "requires": true,
  "packages": {
    "": {
      "name": "tree-sitter-rnoweb",
      "version": "0.1.0",
      "hasInstallScript": true,
      "license": "GPL-3.0-or-later",
      "dependencies": {
        "nan": "^2.27.0"
      },
      "devDependencies": {
        "tree-sitter-cli": "^0.26.9"
      }
    },
    "node_modules/nan": {
      "version": "2.27.0",
      "resolved": "https://registry.npmjs.org/nan/-/nan-2.27.0.tgz",
      "integrity": "sha512-hC+0LidcL3XE4rp1C4H54KujgXKzbfyTngZTwBByQxsOxCEKZT0MPQ4hOKUH2jU1OYstqdDH4onyHPDzcV0XdQ=="
    },
    "node_modules/tree-sitter-cli": {
      "version": "0.26.9",
      "resolved": "https://registry.npmjs.org/tree-sitter-cli/-/tree-sitter-cli-0.26.9.tgz",
      "integrity": "sha512-7l+U1RmazPVe+yA/JiX80GFOILnL/j24GbawamIzNQC8UlINrcyECbaWGaG1wuq4j/m0DQTx7Uu4r0iW9Ao1BQ==",
      "dev": true,
      "hasInstallScript": true,
      "bin": {
        "tree-sitter": "cli.js"
      },
      "engines": {
        "node": ">=12.0.0"
      }
    }
  },
  "dependencies": {
    "nan": {
      "version": "2.27.0",
      "resolved": "https://registry.npmjs.org/nan/-/nan-2.27.0.tgz",
      "integrity": "sha512-hC+0LidcL3XE4rp1C4H54KujgXKzbfyTngZTwBByQxsOxCEKZT0MPQ4hOKUH2jU1OYstqdDH4onyHPDzcV0XdQ=="
    },
    "tree-sitter-cli": {
      "version": "0.26.9",
      "resolved": "https://registry.npmjs.org/tree-sitter-cli/-/tree-sitter-cli-0.26.9.tgz",
      "integrity": "sha512-7l+U1RmazPVe+yA/JiX80GFOILnL/j24GbawamIzNQC8UlINrcyECbaWGaG1wuq4j/m0DQTx7Uu4r0iW9Ao1BQ==",
      "dev": true
    }
  }
}
